// !$*UTF8*$!
{
	archiveVersion = 1;
	classes = {
	};
	objectVersion = 56;
	objects = {

/* Begin PBXBuildFile section */
		1BE59A302C8C4E5F0082557A /* Inspination_iOSApp.swift in Sources */ = {isa = PBXBuildFile; fileRef = 1BE59A2F2C8C4E5F0082557A /* Inspination_iOSApp.swift */; };
		1BE59A322C8C4E5F0082557A /* ContentView.swift in Sources */ = {isa = PBXBuildFile; fileRef = 1BE59A312C8C4E5F0082557A /* ContentView.swift */; };
		1BE59A342C8C4E640082557A /* Assets.xcassets in Resources */ = {isa = PBXBuildFile; fileRef = 1BE59A332C8C4E640082557A /* Assets.xcassets */; };
		1BE59A382C8C4E640082557A /* Preview Assets.xcassets in Resources */ = {isa = PBXBuildFile; fileRef = 1BE59A372C8C4E640082557A /* Preview Assets.xcassets */; };
		1BE59A422C8C4E640082557A /* Inspination_iOSTests.swift in Sources */ = {isa = PBXBuildFile; fileRef = 1BE59A412C8C4E640082557A /* Inspination_iOSTests.swift */; };
		1BE59A4C2C8C4E640082557A /* Inspination_iOSUITests.swift in Sources */ = {isa = PBXBuildFile; fileRef = 1BE59A4B2C8C4E640082557A /* Inspination_iOSUITests.swift */; };
		1BE59A4E2C8C4E640082557A /* Inspination_iOSUITestsLaunchTests.swift in Sources */ = {isa = PBXBuildFile; fileRef = 1BE59A4D2C8C4E640082557A /* Inspination_iOSUITestsLaunchTests.swift */; };
		1BE59A5C2C8C4ED40082557A /* HomeView.swift in Sources */ = {isa = PBXBuildFile; fileRef = 1BE59A5B2C8C4ED30082557A /* HomeView.swift */; };
		1BE59A5F2C8C60940082557A /* FetchController.swift in Sources */ = {isa = PBXBuildFile; fileRef = 1BE59A5E2C8C60940082557A /* FetchController.swift */; };
		1BE59A622C8C61BA0082557A /* PhotosResponse.swift in Sources */ = {isa = PBXBuildFile; fileRef = 1BE59A612C8C61BA0082557A /* PhotosResponse.swift */; };
		1BE59A652C8C66D90082557A /* PhotosViewModel.swift in Sources */ = {isa = PBXBuildFile; fileRef = 1BE59A642C8C66D90082557A /* PhotosViewModel.swift */; };
		1BE59A682C8C73880082557A /* ExtensionFunctions.swift in Sources */ = {isa = PBXBuildFile; fileRef = 1BE59A672C8C73880082557A /* ExtensionFunctions.swift */; };
/* End PBXBuildFile section */

/* Begin PBXContainerItemProxy section */
		1BE59A3E2C8C4E640082557A /* PBXContainerItemProxy */ = {
			isa = PBXContainerItemProxy;
			containerPortal = 1BE59A242C8C4E5F0082557A /* Project object */;
			proxyType = 1;
			remoteGlobalIDString = 1BE59A2B2C8C4E5F0082557A;
			remoteInfo = "Inspination iOS";
		};
		1BE59A482C8C4E640082557A /* PBXContainerItemProxy */ = {
			isa = PBXContainerItemProxy;
			containerPortal = 1BE59A242C8C4E5F0082557A /* Project object */;
			proxyType = 1;
			remoteGlobalIDString = 1BE59A2B2C8C4E5F0082557A;
			remoteInfo = "Inspination iOS";
		};
/* End PBXContainerItemProxy section */

/* Begin PBXFileReference section */
		1BE59A2C2C8C4E5F0082557A /* Inspination iOS.app */ = {isa = PBXFileReference; explicitFileType = wrapper.application; includeInIndex = 0; path = "Inspination iOS.app"; sourceTree = BUILT_PRODUCTS_DIR; };
		1BE59A2F2C8C4E5F0082557A /* Inspination_iOSApp.swift */ = {isa = PBXFileReference; lastKnownFileType = sourcecode.swift; path = Inspination_iOSApp.swift; sourceTree = "<group>"; };
		1BE59A312C8C4E5F0082557A /* ContentView.swift */ = {isa = PBXFileReference; lastKnownFileType = sourcecode.swift; path = ContentView.swift; sourceTree = "<group>"; };
		1BE59A332C8C4E640082557A /* Assets.xcassets */ = {isa = PBXFileReference; lastKnownFileType = folder.assetcatalog; path = Assets.xcassets; sourceTree = "<group>"; };
		1BE59A352C8C4E640082557A /* Inspination_iOS.entitlements */ = {isa = PBXFileReference; lastKnownFileType = text.plist.entitlements; path = Inspination_iOS.entitlements; sourceTree = "<group>"; };
		1BE59A372C8C4E640082557A /* Preview Assets.xcassets */ = {isa = PBXFileReference; lastKnownFileType = folder.assetcatalog; path = "Preview Assets.xcassets"; sourceTree = "<group>"; };
		1BE59A3D2C8C4E640082557A /* Inspination iOSTests.xctest */ = {isa = PBXFileReference; explicitFileType = wrapper.cfbundle; includeInIndex = 0; path = "Inspination iOSTests.xctest"; sourceTree = BUILT_PRODUCTS_DIR; };
		1BE59A412C8C4E640082557A /* Inspination_iOSTests.swift */ = {isa = PBXFileReference; lastKnownFileType = sourcecode.swift; path = Inspination_iOSTests.swift; sourceTree = "<group>"; };
		1BE59A472C8C4E640082557A /* Inspination iOSUITests.xctest */ = {isa = PBXFileReference; explicitFileType = wrapper.cfbundle; includeInIndex = 0; path = "Inspination iOSUITests.xctest"; sourceTree = BUILT_PRODUCTS_DIR; };
		1BE59A4B2C8C4E640082557A /* Inspination_iOSUITests.swift */ = {isa = PBXFileReference; lastKnownFileType = sourcecode.swift; path = Inspination_iOSUITests.swift; sourceTree = "<group>"; };
		1BE59A4D2C8C4E640082557A /* Inspination_iOSUITestsLaunchTests.swift */ = {isa = PBXFileReference; lastKnownFileType = sourcecode.swift; path = Inspination_iOSUITestsLaunchTests.swift; sourceTree = "<group>"; };
		1BE59A5B2C8C4ED30082557A /* HomeView.swift */ = {isa = PBXFileReference; lastKnownFileType = sourcecode.swift; path = HomeView.swift; sourceTree = "<group>"; };
		1BE59A5E2C8C60940082557A /* FetchController.swift */ = {isa = PBXFileReference; lastKnownFileType = sourcecode.swift; path = FetchController.swift; sourceTree = "<group>"; };
		1BE59A612C8C61BA0082557A /* PhotosResponse.swift */ = {isa = PBXFileReference; lastKnownFileType = sourcecode.swift; path = PhotosResponse.swift; sourceTree = "<group>"; };
		1BE59A642C8C66D90082557A /* PhotosViewModel.swift */ = {isa = PBXFileReference; lastKnownFileType = sourcecode.swift; path = PhotosViewModel.swift; sourceTree = "<group>"; };
		1BE59A672C8C73880082557A /* ExtensionFunctions.swift */ = {isa = PBXFileReference; lastKnownFileType = sourcecode.swift; path = ExtensionFunctions.swift; sourceTree = "<group>"; };
		1BE59A692C8DD97F0082557A /* Inspination-iOS-Info.plist */ = {isa = PBXFileReference; lastKnownFileType = text.plist; path = "Inspination-iOS-Info.plist"; sourceTree = SOURCE_ROOT; };
/* End PBXFileReference section */

/* Begin PBXFrameworksBuildPhase section */
		1BE59A292C8C4E5F0082557A /* Frameworks */ = {
			isa = PBXFrameworksBuildPhase;
			buildActionMask = 2147483647;
			files = (
			);
			runOnlyForDeploymentPostprocessing = 0;
		};
		1BE59A3A2C8C4E640082557A /* Frameworks */ = {
			isa = PBXFrameworksBuildPhase;
			buildActionMask = 2147483647;
			files = (
			);
			runOnlyForDeploymentPostprocessing = 0;
		};
		1BE59A442C8C4E640082557A /* Frameworks */ = {
			isa = PBXFrameworksBuildPhase;
			buildActionMask = 2147483647;
			files = (
			);
			runOnlyForDeploymentPostprocessing = 0;
		};
/* End PBXFrameworksBuildPhase section */

/* Begin PBXGroup section */
		1BE59A232C8C4E5F0082557A = {
			isa = PBXGroup;
			children = (
				1BE59A2E2C8C4E5F0082557A /* Inspination iOS */,
				1BE59A402C8C4E640082557A /* Inspination iOSTests */,
				1BE59A4A2C8C4E640082557A /* Inspination iOSUITests */,
				1BE59A2D2C8C4E5F0082557A /* Products */,
			);
			sourceTree = "<group>";
		};
		1BE59A2D2C8C4E5F0082557A /* Products */ = {
			isa = PBXGroup;
			children = (
				1BE59A2C2C8C4E5F0082557A /* Inspination iOS.app */,
				1BE59A3D2C8C4E640082557A /* Inspination iOSTests.xctest */,
				1BE59A472C8C4E640082557A /* Inspination iOSUITests.xctest */,
			);
			name = Products;
			sourceTree = "<group>";
		};
		1BE59A2E2C8C4E5F0082557A /* Inspination iOS */ = {
			isa = PBXGroup;
			children = (
				1BE59A692C8DD97F0082557A /* Inspination-iOS-Info.plist */,
				1BE59A662C8C737A0082557A /* Extension */,
				1BE59A632C8C66C40082557A /* viewmodel */,
				1BE59A602C8C619B0082557A /* data */,
				1BE59A5D2C8C60800082557A /* network */,
				1BE59A5A2C8C4EB10082557A /* Views */,
				1BE59A2F2C8C4E5F0082557A /* Inspination_iOSApp.swift */,
				1BE59A312C8C4E5F0082557A /* ContentView.swift */,
				1BE59A332C8C4E640082557A /* Assets.xcassets */,
				1BE59A352C8C4E640082557A /* Inspination_iOS.entitlements */,
				1BE59A362C8C4E640082557A /* Preview Content */,
			);
			path = "Inspination iOS";
			sourceTree = "<group>";
		};
		1BE59A362C8C4E640082557A /* Preview Content */ = {
			isa = PBXGroup;
			children = (
				1BE59A372C8C4E640082557A /* Preview Assets.xcassets */,
			);
			path = "Preview Content";
			sourceTree = "<group>";
		};
		1BE59A402C8C4E640082557A /* Inspination iOSTests */ = {
			isa = PBXGroup;
			children = (
				1BE59A412C8C4E640082557A /* Inspination_iOSTests.swift */,
			);
			path = "Inspination iOSTests";
			sourceTree = "<group>";
		};
		1BE59A4A2C8C4E640082557A /* Inspination iOSUITests */ = {
			isa = PBXGroup;
			children = (
				1BE59A4B2C8C4E640082557A /* Inspination_iOSUITests.swift */,
				1BE59A4D2C8C4E640082557A /* Inspination_iOSUITestsLaunchTests.swift */,
			);
			path = "Inspination iOSUITests";
			sourceTree = "<group>";
		};
		1BE59A5A2C8C4EB10082557A /* Views */ = {
			isa = PBXGroup;
			children = (
				1BE59A5B2C8C4ED30082557A /* HomeView.swift */,
			);
			path = Views;
			sourceTree = "<group>";
		};
		1BE59A5D2C8C60800082557A /* network */ = {
			isa = PBXGroup;
			children = (
				1BE59A5E2C8C60940082557A /* FetchController.swift */,
			);
			path = network;
			sourceTree = "<group>";
		};
		1BE59A602C8C619B0082557A /* data */ = {
			isa = PBXGroup;
			children = (
				1BE59A612C8C61BA0082557A /* PhotosResponse.swift */,
			);
			path = data;
			sourceTree = "<group>";
		};
		1BE59A632C8C66C40082557A /* viewmodel */ = {
			isa = PBXGroup;
			children = (
				1BE59A642C8C66D90082557A /* PhotosViewModel.swift */,
			);
			path = viewmodel;
			sourceTree = "<group>";
		};
		1BE59A662C8C737A0082557A /* Extension */ = {
			isa = PBXGroup;
			children = (
				1BE59A672C8C73880082557A /* ExtensionFunctions.swift */,
			);
			path = Extension;
			sourceTree = "<group>";
		};
/* End PBXGroup section */

/* Begin PBXNativeTarget section */
		1BE59A2B2C8C4E5F0082557A /* Inspination iOS */ = {
			isa = PBXNativeTarget;
			buildConfigurationList = 1BE59A512C8C4E640082557A /* Build configuration list for PBXNativeTarget "Inspination iOS" */;
			buildPhases = (
				1BE59A282C8C4E5F0082557A /* Sources */,
				1BE59A292C8C4E5F0082557A /* Frameworks */,
				1BE59A2A2C8C4E5F0082557A /* Resources */,
			);
			buildRules = (
			);
			dependencies = (
			);
			name = "Inspination iOS";
			productName = "Inspination iOS";
			productReference = 1BE59A2C2C8C4E5F0082557A /* Inspination iOS.app */;
			productType = "com.apple.product-type.application";
		};
		1BE59A3C2C8C4E640082557A /* Inspination iOSTests */ = {
			isa = PBXNativeTarget;
			buildConfigurationList = 1BE59A542C8C4E640082557A /* Build configuration list for PBXNativeTarget "Inspination iOSTests" */;
			buildPhases = (
				1BE59A392C8C4E640082557A /* Sources */,
				1BE59A3A2C8C4E640082557A /* Frameworks */,
				1BE59A3B2C8C4E640082557A /* Resources */,
			);
			buildRules = (
			);
			dependencies = (
				1BE59A3F2C8C4E640082557A /* PBXTargetDependency */,
			);
			name = "Inspination iOSTests";
			productName = "Inspination iOSTests";
			productReference = 1BE59A3D2C8C4E640082557A /* Inspination iOSTests.xctest */;
			productType = "com.apple.product-type.bundle.unit-test";
		};
		1BE59A462C8C4E640082557A /* Inspination iOSUITests */ = {
			isa = PBXNativeTarget;
			buildConfigurationList = 1BE59A572C8C4E640082557A /* Build configuration list for PBXNativeTarget "Inspination iOSUITests" */;
			buildPhases = (
				1BE59A432C8C4E640082557A /* Sources */,
				1BE59A442C8C4E640082557A /* Frameworks */,
				1BE59A452C8C4E640082557A /* Resources */,
			);
			buildRules = (
			);
			dependencies = (
				1BE59A492C8C4E640082557A /* PBXTargetDependency */,
			);
			name = "Inspination iOSUITests";
			productName = "Inspination iOSUITests";
			productReference = 1BE59A472C8C4E640082557A /* Inspination iOSUITests.xctest */;
			productType = "com.apple.product-type.bundle.ui-testing";
		};
/* End PBXNativeTarget section */

/* Begin PBXProject section */
		1BE59A242C8C4E5F0082557A /* Project object */ = {
			isa = PBXProject;
			attributes = {
				BuildIndependentTargetsInParallel = 1;
				LastSwiftUpdateCheck = 1540;
				LastUpgradeCheck = 1540;
				TargetAttributes = {
					1BE59A2B2C8C4E5F0082557A = {
						CreatedOnToolsVersion = 15.4;
					};
					1BE59A3C2C8C4E640082557A = {
						CreatedOnToolsVersion = 15.4;
						TestTargetID = 1BE59A2B2C8C4E5F0082557A;
					};
					1BE59A462C8C4E640082557A = {
						CreatedOnToolsVersion = 15.4;
						TestTargetID = 1BE59A2B2C8C4E5F0082557A;
					};
				};
			};
			buildConfigurationList = 1BE59A272C8C4E5F0082557A /* Build configuration list for PBXProject "Inspination iOS" */;
			compatibilityVersion = "Xcode 14.0";
			developmentRegion = en;
			hasScannedForEncodings = 0;
			knownRegions = (
				en,
				Base,
			);
			mainGroup = 1BE59A232C8C4E5F0082557A;
			productRefGroup = 1BE59A2D2C8C4E5F0082557A /* Products */;
			projectDirPath = "";
			projectRoot = "";
			targets = (
				1BE59A2B2C8C4E5F0082557A /* Inspination iOS */,
				1BE59A3C2C8C4E640082557A /* Inspination iOSTests */,
				1BE59A462C8C4E640082557A /* Inspination iOSUITests */,
			);
		};
/* End PBXProject section */

/* Begin PBXResourcesBuildPhase section */
		1BE59A2A2C8C4E5F0082557A /* Resources */ = {
			isa = PBXResourcesBuildPhase;
			buildActionMask = 2147483647;
			files = (
				1BE59A382C8C4E640082557A /* Preview Assets.xcassets in Resources */,
				1BE59A342C8C4E640082557A /* Assets.xcassets in Resources */,
			);
			runOnlyForDeploymentPostprocessing = 0;
		};
		1BE59A3B2C8C4E640082557A /* Resources */ = {
			isa = PBXResourcesBuildPhase;
			buildActionMask = 2147483647;
			files = (
			);
			runOnlyForDeploymentPostprocessing = 0;
		};
		1BE59A452C8C4E640082557A /* Resources */ = {
			isa = PBXResourcesBuildPhase;
			buildActionMask = 2147483647;
			files = (
			);
			runOnlyForDeploymentPostprocessing = 0;
		};
/* End PBXResourcesBuildPhase section */

/* Begin PBXSourcesBuildPhase section */
		1BE59A282C8C4E5F0082557A /* Sources */ = {
			isa = PBXSourcesBuildPhase;
			buildActionMask = 2147483647;
			files = (
				1BE59A5C2C8C4ED40082557A /* HomeView.swift in Sources */,
				1BE59A322C8C4E5F0082557A /* ContentView.swift in Sources */,
				1BE59A5F2C8C60940082557A /* FetchController.swift in Sources */,
				1BE59A652C8C66D90082557A /* PhotosViewModel.swift in Sources */,
				1BE59A302C8C4E5F0082557A /* Inspination_iOSApp.swift in Sources */,
				1BE59A622C8C61BA0082557A /* PhotosResponse.swift in Sources */,
				1BE59A682C8C73880082557A /* ExtensionFunctions.swift in Sources */,
			);
			runOnlyForDeploymentPostprocessing = 0;
		};
		1BE59A392C8C4E640082557A /* Sources */ = {
			isa = PBXSourcesBuildPhase;
			buildActionMask = 2147483647;
			files = (
				1BE59A422C8C4E640082557A /* Inspination_iOSTests.swift in Sources */,
			);
			runOnlyForDeploymentPostprocessing = 0;
		};
		1BE59A432C8C4E640082557A /* Sources */ = {
			isa = PBXSourcesBuildPhase;
			buildActionMask = 2147483647;
			files = (
				1BE59A4C2C8C4E640082557A /* Inspination_iOSUITests.swift in Sources */,
				1BE59A4E2C8C4E640082557A /* Inspination_iOSUITestsLaunchTests.swift in Sources */,
			);
			runOnlyForDeploymentPostprocessing = 0;
		};
/* End PBXSourcesBuildPhase section */

/* Begin PBXTargetDependency section */
		1BE59A3F2C8C4E640082557A /* PBXTargetDependency */ = {
			isa = PBXTargetDependency;
			target = 1BE59A2B2C8C4E5F0082557A /* Inspination iOS */;
			targetProxy = 1BE59A3E2C8C4E640082557A /* PBXContainerItemProxy */;
		};
		1BE59A492C8C4E640082557A /* PBXTargetDependency */ = {
			isa = PBXTargetDependency;
			target = 1BE59A2B2C8C4E5F0082557A /* Inspination iOS */;
			targetProxy = 1BE59A482C8C4E640082557A /* PBXContainerItemProxy */;
		};
/* End PBXTargetDependency section */

/* Begin XCBuildConfiguration section */
		1BE59A4F2C8C4E640082557A /* Debug */ = {
			isa = XCBuildConfiguration;
			buildSettings = {
				ALWAYS_SEARCH_USER_PATHS = NO;
				ASSETCATALOG_COMPILER_GENERATE_SWIFT_ASSET_SYMBOL_EXTENSIONS = YES;
				CLANG_ANALYZER_NONNULL = YES;
				CLANG_ANALYZER_NUMBER_OBJECT_CONVERSION = YES_AGGRESSIVE;
				CLANG_CXX_LANGUAGE_STANDARD = "gnu++20";
				CLANG_ENABLE_MODULES = YES;
				CLANG_ENABLE_OBJC_ARC = YES;
				CLANG_ENABLE_OBJC_WEAK = YES;
				CLANG_WARN_BLOCK_CAPTURE_AUTORELEASING = YES;
				CLANG_WARN_BOOL_CONVERSION = YES;
				CLANG_WARN_COMMA = YES;
				CLANG_WARN_CONSTANT_CONVERSION = YES;
				CLANG_WARN_DEPRECATED_OBJC_IMPLEMENTATIONS = YES;
				CLANG_WARN_DIRECT_OBJC_ISA_USAGE = YES_ERROR;
				CLANG_WARN_DOCUMENTATION_COMMENTS = YES;
				CLANG_WARN_EMPTY_BODY = YES;
				CLANG_WARN_ENUM_CONVERSION = YES;
				CLANG_WARN_INFINITE_RECURSION = YES;
				CLANG_WARN_INT_CONVERSION = YES;
				CLANG_WARN_NON_LITERAL_NULL_CONVERSION = YES;
				CLANG_WARN_OBJC_IMPLICIT_RETAIN_SELF = YES;
				CLANG_WARN_OBJC_LITERAL_CONVERSION = YES;
				CLANG_WARN_OBJC_ROOT_CLASS = YES_ERROR;
				CLANG_WARN_QUOTED_INCLUDE_IN_FRAMEWORK_HEADER = YES;
				CLANG_WARN_RANGE_LOOP_ANALYSIS = YES;
				CLANG_WARN_STRICT_PROTOTYPES = YES;
				CLANG_WARN_SUSPICIOUS_MOVE = YES;
				CLANG_WARN_UNGUARDED_AVAILABILITY = YES_AGGRESSIVE;
				CLANG_WARN_UNREACHABLE_CODE = YES;
				CLANG_WARN__DUPLICATE_METHOD_MATCH = YES;
				COPY_PHASE_STRIP = NO;
				DEBUG_INFORMATION_FORMAT = dwarf;
				ENABLE_STRICT_OBJC_MSGSEND = YES;
				ENABLE_TESTABILITY = YES;
				ENABLE_USER_SCRIPT_SANDBOXING = YES;
				GCC_C_LANGUAGE_STANDARD = gnu17;
				GCC_DYNAMIC_NO_PIC = NO;
				GCC_NO_COMMON_BLOCKS = YES;
				GCC_OPTIMIZATION_LEVEL = 0;
				GCC_PREPROCESSOR_DEFINITIONS = (
					"DEBUG=1",
					"$(inherited)",
				);
				GCC_WARN_64_TO_32_BIT_CONVERSION = YES;
				GCC_WARN_ABOUT_RETURN_TYPE = YES_ERROR;
				GCC_WARN_UNDECLARED_SELECTOR = YES;
				GCC_WARN_UNINITIALIZED_AUTOS = YES_AGGRESSIVE;
				GCC_WARN_UNUSED_FUNCTION = YES;
				GCC_WARN_UNUSED_VARIABLE = YES;
				LOCALIZATION_PREFERS_STRING_CATALOGS = YES;
				MTL_ENABLE_DEBUG_INFO = INCLUDE_SOURCE;
				MTL_FAST_MATH = YES;
				ONLY_ACTIVE_ARCH = YES;
				SWIFT_ACTIVE_COMPILATION_CONDITIONS = "DEBUG $(inherited)";
				SWIFT_OPTIMIZATION_LEVEL = "-Onone";
			};
			name = Debug;
		};
		1BE59A502C8C4E640082557A /* Release */ = {
			isa = XCBuildConfiguration;
			buildSettings = {
				ALWAYS_SEARCH_USER_PATHS = NO;
				ASSETCATALOG_COMPILER_GENERATE_SWIFT_ASSET_SYMBOL_EXTENSIONS = YES;
				CLANG_ANALYZER_NONNULL = YES;
				CLANG_ANALYZER_NUMBER_OBJECT_CONVERSION = YES_AGGRESSIVE;
				CLANG_CXX_LANGUAGE_STANDARD = "gnu++20";
				CLANG_ENABLE_MODULES = YES;
				CLANG_ENABLE_OBJC_ARC = YES;
				CLANG_ENABLE_OBJC_WEAK = YES;
				CLANG_WARN_BLOCK_CAPTURE_AUTORELEASING = YES;
				CLANG_WARN_BOOL_CONVERSION = YES;
				CLANG_WARN_COMMA = YES;
				CLANG_WARN_CONSTANT_CONVERSION = YES;
				CLANG_WARN_DEPRECATED_OBJC_IMPLEMENTATIONS = YES;
				CLANG_WARN_DIRECT_OBJC_ISA_USAGE = YES_ERROR;
				CLANG_WARN_DOCUMENTATION_COMMENTS = YES;
				CLANG_WARN_EMPTY_BODY = YES;
				CLANG_WARN_ENUM_CONVERSION = YES;
				CLANG_WARN_INFINITE_RECURSION = YES;
				CLANG_WARN_INT_CONVERSION = YES;
				CLANG_WARN_NON_LITERAL_NULL_CONVERSION = YES;
				CLANG_WARN_OBJC_IMPLICIT_RETAIN_SELF = YES;
				CLANG_WARN_OBJC_LITERAL_CONVERSION = YES;
				CLANG_WARN_OBJC_ROOT_CLASS = YES_ERROR;
				CLANG_WARN_QUOTED_INCLUDE_IN_FRAMEWORK_HEADER = YES;
				CLANG_WARN_RANGE_LOOP_ANALYSIS = YES;
				CLANG_WARN_STRICT_PROTOTYPES = YES;
				CLANG_WARN_SUSPICIOUS_MOVE = YES;
				CLANG_WARN_UNGUARDED_AVAILABILITY = YES_AGGRESSIVE;
				CLANG_WARN_UNREACHABLE_CODE = YES;
				CLANG_WARN__DUPLICATE_METHOD_MATCH = YES;
				COPY_PHASE_STRIP = NO;
				DEBUG_INFORMATION_FORMAT = "dwarf-with-dsym";
				ENABLE_NS_ASSERTIONS = NO;
				ENABLE_STRICT_OBJC_MSGSEND = YES;
				ENABLE_USER_SCRIPT_SANDBOXING = YES;
				GCC_C_LANGUAGE_STANDARD = gnu17;
				GCC_NO_COMMON_BLOCKS = YES;
				GCC_WARN_64_TO_32_BIT_CONVERSION = YES;
				GCC_WARN_ABOUT_RETURN_TYPE = YES_ERROR;
				GCC_WARN_UNDECLARED_SELECTOR = YES;
				GCC_WARN_UNINITIALIZED_AUTOS = YES_AGGRESSIVE;
				GCC_WARN_UNUSED_FUNCTION = YES;
				GCC_WARN_UNUSED_VARIABLE = YES;
				LOCALIZATION_PREFERS_STRING_CATALOGS = YES;
				MTL_ENABLE_DEBUG_INFO = NO;
				MTL_FAST_MATH = YES;
				SWIFT_COMPILATION_MODE = wholemodule;
			};
			name = Release;
		};
		1BE59A522C8C4E640082557A /* Debug */ = {
			isa = XCBuildConfiguration;
			buildSettings = {
				ASSETCATALOG_COMPILER_APPICON_NAME = AppIcon;
				ASSETCATALOG_COMPILER_GLOBAL_ACCENT_COLOR_NAME = AccentColor;
				CODE_SIGN_ENTITLEMENTS = "Inspination iOS/Inspination_iOS.entitlements";
				CODE_SIGN_STYLE = Automatic;
				CURRENT_PROJECT_VERSION = 1;
				DEVELOPMENT_ASSET_PATHS = "\"Inspination iOS/Preview Content\"";
				ENABLE_PREVIEWS = YES;
				GENERATE_INFOPLIST_FILE = YES;
				INFOPLIST_FILE = "Inspination-iOS-Info.plist";
				INFOPLIST_KEY_LSApplicationCategoryType = "We need access to your photo library to save images.";
				INFOPLIST_KEY_NSDownloadsFolderUsageDescription = "We need access to your photo library to save images.";
				INFOPLIST_KEY_NSPhotoLibraryAddUsageDescription = "We need access to your photo library to save images.";
				INFOPLIST_KEY_NSPhotoLibraryUsageDescription = "We need access to your photo library to save images.";
				"INFOPLIST_KEY_UIApplicationSceneManifest_Generation[sdk=iphoneos*]" = YES;
				"INFOPLIST_KEY_UIApplicationSceneManifest_Generation[sdk=iphonesimulator*]" = YES;
				"INFOPLIST_KEY_UIApplicationSupportsIndirectInputEvents[sdk=iphoneos*]" = YES;
				"INFOPLIST_KEY_UIApplicationSupportsIndirectInputEvents[sdk=iphonesimulator*]" = YES;
				"INFOPLIST_KEY_UILaunchScreen_Generation[sdk=iphoneos*]" = YES;
				"INFOPLIST_KEY_UILaunchScreen_Generation[sdk=iphonesimulator*]" = YES;
				"INFOPLIST_KEY_UIStatusBarStyle[sdk=iphoneos*]" = UIStatusBarStyleDefault;
				"INFOPLIST_KEY_UIStatusBarStyle[sdk=iphonesimulator*]" = UIStatusBarStyleDefault;
				INFOPLIST_KEY_UISupportedInterfaceOrientations_iPad = "UIInterfaceOrientationPortrait UIInterfaceOrientationPortraitUpsideDown UIInterfaceOrientationLandscapeLeft UIInterfaceOrientationLandscapeRight";
				INFOPLIST_KEY_UISupportedInterfaceOrientations_iPhone = "UIInterfaceOrientationPortrait UIInterfaceOrientationLandscapeLeft UIInterfaceOrientationLandscapeRight";
				IPHONEOS_DEPLOYMENT_TARGET = 17.5;
				LD_RUNPATH_SEARCH_PATHS = "@executable_path/Frameworks";
				"LD_RUNPATH_SEARCH_PATHS[sdk=macosx*]" = "@executable_path/../Frameworks";
				MACOSX_DEPLOYMENT_TARGET = 14.5;
				MARKETING_VERSION = 1.0;
				PRODUCT_BUNDLE_IDENTIFIER = "com.shuklansh.Inspination-iOS";
				PRODUCT_NAME = "$(TARGET_NAME)";
				SDKROOT = auto;
				SUPPORTED_PLATFORMS = "iphoneos iphonesimulator macosx";
				SWIFT_EMIT_LOC_STRINGS = YES;
				SWIFT_VERSION = 5.0;
				TARGETED_DEVICE_FAMILY = "1,2";
			};
			name = Debug;
		};
		1BE59A532C8C4E640082557A /* Release */ = {
			isa = XCBuildConfiguration;
			buildSettings = {
				ASSETCATALOG_COMPILER_APPICON_NAME = AppIcon;
				ASSETCATALOG_COMPILER_GLOBAL_ACCENT_COLOR_NAME = AccentColor;
				CODE_SIGN_ENTITLEMENTS = "Inspination iOS/Inspination_iOS.entitlements";
				CODE_SIGN_STYLE = Automatic;
				CURRENT_PROJECT_VERSION = 1;
				DEVELOPMENT_ASSET_PATHS = "\"Inspination iOS/Preview Content\"";
				ENABLE_PREVIEWS = YES;
				GENERATE_INFOPLIST_FILE = YES;
				INFOPLIST_FILE = "Inspination-iOS-Info.plist";
				INFOPLIST_KEY_LSApplicationCategoryType = "We need access to your photo library to save images.";
				INFOPLIST_KEY_NSDownloadsFolderUsageDescription = "We need access to your photo library to save images.";
				INFOPLIST_KEY_NSPhotoLibraryAddUsageDescription = "We need access to your photo library to save images.";
				INFOPLIST_KEY_NSPhotoLibraryUsageDescription = "We need access to your photo library to save images.";
				"INFOPLIST_KEY_UIApplicationSceneManifest_Generation[sdk=iphoneos*]" = YES;
				"INFOPLIST_KEY_UIApplicationSceneManifest_Generation[sdk=iphonesimulator*]" = YES;
				"INFOPLIST_KEY_UIApplicationSupportsIndirectInputEvents[sdk=iphoneos*]" = YES;
				"INFOPLIST_KEY_UIApplicationSupportsIndirectInputEvents[sdk=iphonesimulator*]" = YES;
				"INFOPLIST_KEY_UILaunchScreen_Generation[sdk=iphoneos*]" = YES;
				"INFOPLIST_KEY_UILaunchScreen_Generation[sdk=iphonesimulator*]" = YES;
				"INFOPLIST_KEY_UIStatusBarStyle[sdk=iphoneos*]" = UIStatusBarStyleDefault;
				"INFOPLIST_KEY_UIStatusBarStyle[sdk=iphonesimulator*]" = UIStatusBarStyleDefault;
				INFOPLIST_KEY_UISupportedInterfaceOrientations_iPad = "UIInterfaceOrientationPortrait UIInterfaceOrientationPortraitUpsideDown UIInterfaceOrientationLandscapeLeft UIInterfaceOrientationLandscapeRight";
				INFOPLIST_KEY_UISupportedInterfaceOrientations_iPhone = "UIInterfaceOrientationPortrait UIInterfaceOrientationLandscapeLeft UIInterfaceOrientationLandscapeRight";
				IPHONEOS_DEPLOYMENT_TARGET = 17.5;
				LD_RUNPATH_SEARCH_PATHS = "@executable_path/Frameworks";
				"LD_RUNPATH_SEARCH_PATHS[sdk=macosx*]" = "@executable_path/../Frameworks";
				MACOSX_DEPLOYMENT_TARGET = 14.5;
				MARKETING_VERSION = 1.0;
				PRODUCT_BUNDLE_IDENTIFIER = "com.shuklansh.Inspination-iOS";
				PRODUCT_NAME = "$(TARGET_NAME)";
				SDKROOT = auto;
				SUPPORTED_PLATFORMS = "iphoneos iphonesimulator macosx";
				SWIFT_EMIT_LOC_STRINGS = YES;
				SWIFT_VERSION = 5.0;
				TARGETED_DEVICE_FAMILY = "1,2";
			};
			name = Release;
		};
		1BE59A552C8C4E640082557A /* Debug */ = {
			isa = XCBuildConfiguration;
			buildSettings = {
				ALWAYS_EMBED_SWIFT_STANDARD_LIBRARIES = YES;
				BUNDLE_LOADER = "$(TEST_HOST)";
				CODE_SIGN_STYLE = Automatic;
				CURRENT_PROJECT_VERSION = 1;
				GENERATE_INFOPLIST_FILE = YES;
				IPHONEOS_DEPLOYMENT_TARGET = 17.5;
				MACOSX_DEPLOYMENT_TARGET = 14.5;
				MARKETING_VERSION = 1.0;
				PRODUCT_BUNDLE_IDENTIFIER = "com.shuklansh.Inspination-iOSTests";
				PRODUCT_NAME = "$(TARGET_NAME)";
				SDKROOT = auto;
				SUPPORTED_PLATFORMS = "iphoneos iphonesimulator macosx";
				SWIFT_EMIT_LOC_STRINGS = NO;
				SWIFT_VERSION = 5.0;
				TARGETED_DEVICE_FAMILY = "1,2";
				TEST_HOST = "$(BUILT_PRODUCTS_DIR)/Inspination iOS.app/$(BUNDLE_EXECUTABLE_FOLDER_PATH)/Inspination iOS";
			};
			name = Debug;
		};
		1BE59A562C8C4E640082557A /* Release */ = {
			isa = XCBuildConfiguration;
			buildSettings = {
				ALWAYS_EMBED_SWIFT_STANDARD_LIBRARIES = YES;
				BUNDLE_LOADER = "$(TEST_HOST)";
				CODE_SIGN_STYLE = Automatic;
				CURRENT_PROJECT_VERSION = 1;
				GENERATE_INFOPLIST_FILE = YES;
				IPHONEOS_DEPLOYMENT_TARGET = 17.5;
				MACOSX_DEPLOYMENT_TARGET = 14.5;
				MARKETING_VERSION = 1.0;
				PRODUCT_BUNDLE_IDENTIFIER = "com.shuklansh.Inspination-iOSTests";
				PRODUCT_NAME = "$(TARGET_NAME)";
				SDKROOT = auto;
				SUPPORTED_PLATFORMS = "iphoneos iphonesimulator macosx";
				SWIFT_EMIT_LOC_STRINGS = NO;
				SWIFT_VERSION = 5.0;
				TARGETED_DEVICE_FAMILY = "1,2";
				TEST_HOST = "$(BUILT_PRODUCTS_DIR)/Inspination iOS.app/$(BUNDLE_EXECUTABLE_FOLDER_PATH)/Inspination iOS";
			};
			name = Release;
		};
		1BE59A582C8C4E640082557A /* Debug */ = {
			isa = XCBuildConfiguration;
			buildSettings = {
				ALWAYS_EMBED_SWIFT_STANDARD_LIBRARIES = YES;
				CODE_SIGN_STYLE = Automatic;
				CURRENT_PROJECT_VERSION = 1;
				GENERATE_INFOPLIST_FILE = YES;
				IPHONEOS_DEPLOYMENT_TARGET = 17.5;
				MACOSX_DEPLOYMENT_TARGET = 14.5;
				MARKETING_VERSION = 1.0;
				PRODUCT_BUNDLE_IDENTIFIER = "com.shuklansh.Inspination-iOSUITests";
				PRODUCT_NAME = "$(TARGET_NAME)";
				SDKROOT = auto;
				SUPPORTED_PLATFORMS = "iphoneos iphonesimulator macosx";
				SWIFT_EMIT_LOC_STRINGS = NO;
				SWIFT_VERSION = 5.0;
				TARGETED_DEVICE_FAMILY = "1,2";
				TEST_TARGET_NAME = "Inspination iOS";
			};
			name = Debug;
		};
		1BE59A592C8C4E640082557A /* Release */ = {
			isa = XCBuildConfiguration;
			buildSettings = {
				ALWAYS_EMBED_SWIFT_STANDARD_LIBRARIES = YES;
				CODE_SIGN_STYLE = Automatic;
				CURRENT_PROJECT_VERSION = 1;
				GENERATE_INFOPLIST_FILE = YES;
				IPHONEOS_DEPLOYMENT_TARGET = 17.5;
				MACOSX_DEPLOYMENT_TARGET = 14.5;
				MARKETING_VERSION = 1.0;
				PRODUCT_BUNDLE_IDENTIFIER = "com.shuklansh.Inspination-iOSUITests";
				PRODUCT_NAME = "$(TARGET_NAME)";
				SDKROOT = auto;
				SUPPORTED_PLATFORMS = "iphoneos iphonesimulator macosx";
				SWIFT_EMIT_LOC_STRINGS = NO;
				SWIFT_VERSION = 5.0;
				TARGETED_DEVICE_FAMILY = "1,2";
				TEST_TARGET_NAME = "Inspination iOS";
			};
			name = Release;
		};
/* End XCBuildConfiguration section */

/* Begin XCConfigurationList section */
		1BE59A272C8C4E5F0082557A /* Build configuration list for PBXProject "Inspination iOS" */ = {
			isa = XCConfigurationList;
			buildConfigurations = (
				1BE59A4F2C8C4E640082557A /* Debug */,
				1BE59A502C8C4E640082557A /* Release */,
			);
			defaultConfigurationIsVisible = 0;
			defaultConfigurationName = Release;
		};
		1BE59A512C8C4E640082557A /* Build configuration list for PBXNativeTarget "Inspination iOS" */ = {
			isa = XCConfigurationList;
			buildConfigurations = (
				1BE59A522C8C4E640082557A /* Debug */,
				1BE59A532C8C4E640082557A /* Release */,
			);
			defaultConfigurationIsVisible = 0;
			defaultConfigurationName = Release;
		};
		1BE59A542C8C4E640082557A /* Build configuration list for PBXNativeTarget "Inspination iOSTests" */ = {
			isa = XCConfigurationList;
			buildConfigurations = (
				1BE59A552C8C4E640082557A /* Debug */,
				1BE59A562C8C4E640082557A /* Release */,
			);
			defaultConfigurationIsVisible = 0;
			defaultConfigurationName = Release;
		};
		1BE59A572C8C4E640082557A /* Build configuration list for PBXNativeTarget "Inspination iOSUITests" */ = {
			isa = XCConfigurationList;
			buildConfigurations = (
				1BE59A582C8C4E640082557A /* Debug */,
				1BE59A592C8C4E640082557A /* Release */,
			);
			defaultConfigurationIsVisible = 0;
			defaultConfigurationName = Release;
		};
/* End XCConfigurationList section */
	};
	rootObject = 1BE59A242C8C4E5F0082557A /* Project object */;
}
